
Microsoft Visual Studio Solution File, Format Version 12.00
# Visual Studio Version 16
VisualStudioVersion = 16.0.30002.166
MinimumVisualStudioVersion = 10.0.40219.1
Project("{FAE04EC0-301F-11D3-BF4B-00C04F79EFBC}") = "TareaCalculadora", "TareaCalculadora\TareaCalculadora.csproj", "{12AD2E8B-2539-4ECA-AFCD-56C9924BEBF3}"
EndProject
Global
	GlobalSection(SolutionConfigurationPlatforms) = preSolution
		Debug|Any CPU = Debug|Any CPU
		Release|Any CPU = Release|Any CPU
	EndGlobalSection
	GlobalSection(ProjectConfigurationPlatforms) = postSolution
		{12AD2E8B-2539-4ECA-AFCD-56C9924BEBF3}.Debug|Any CPU.ActiveCfg = Debug|Any CPU
		{12AD2E8B-2539-4ECA-AFCD-56C9924BEBF3}.Debug|Any CPU.Build.0 = Debug|Any CPU
		{12AD2E8B-2539-4ECA-AFCD-56C9924BEBF3}.Release|Any CPU.ActiveCfg = Release|Any CPU
		{12AD2E8B-2539-4ECA-AFCD-56C9924BEBF3}.Release|Any CPU.Build.0 = Release|Any CPU
	EndGlobalSection
	GlobalSection(SolutionProperties) = preSolution
		HideSolutionNode = FALSE
	EndGlobalSection
	GlobalSection(ExtensibilityGlobals) = postSolution
		SolutionGuid = {2BF7D317-9886-458D-81F0-EF6AF35F2054}
	EndGlobalSection
EndGlobal
